{
  "version": 4,
  "terraform_version": "1.14.8",
  "serial": 9,
  "lineage": "ce85442e-dfdd-d73d-dd99-ac99f0d665da",
  "outputs": {
    "faers_mart_dataset": {
      "value": "faers_mart",
      "type": "string"
    },
    "faers_raw_dataset": {
      "value": "faers_raw",
      "type": "string"
    },
    "faers_staging_dataset": {
      "value": "faers_staging",
      "type": "string"
    },
    "gcs_bucket_name": {
      "value": "de-zoomcamp-faers-lake-2026",
      "type": "string"
    },
    "pipeline_service_account_email": {
      "value": "faers-pipeline-sa@de-zoomcamp-faers-lake.iam.gserviceaccount.com",
      "type": "string"
    }
  },
  "resources": [
    {
      "mode": "managed",
      "type": "google_bigquery_dataset",
      "name": "faers_mart",
      "provider": "provider[\"registry.terraform.io/hashicorp/google\"]",
      "instances": [
        {
          "schema_version": 0,
          "attributes": {
            "access": [
              {
                "dataset": [],
                "domain": "",
                "group_by_email": "",
                "iam_member": "",
                "role": "OWNER",
                "routine": [],
                "special_group": "",
                "user_by_email": "roysourav2027.na@gmail.com",
                "view": []
              },
              {
                "dataset": [],
                "domain": "",
                "group_by_email": "",
                "iam_member": "",
                "role": "OWNER",
                "routine": [],
                "special_group": "projectOwners",
                "user_by_email": "",
                "view": []
              },
              {
                "dataset": [],
                "domain": "",
                "group_by_email": "",
                "iam_member": "",
                "role": "READER",
                "routine": [],
                "special_group": "projectReaders",
                "user_by_email": "",
                "view": []
              },
              {
                "dataset": [],
                "domain": "",
                "group_by_email": "",
                "iam_member": "",
                "role": "WRITER",
                "routine": [],
                "special_group": "projectWriters",
                "user_by_email": "",
                "view": []
              }
            ],
            "creation_time": 1776199633695,
            "dataset_id": "faers_mart",
            "default_collation": "",
            "default_encryption_configuration": [],
            "default_partition_expiration_ms": 0,
            "default_table_expiration_ms": 0,
            "delete_contents_on_destroy": false,
            "description": "dbt mart layer — analytical tables powering the Looker Studio dashboard",
            "effective_labels": {},
            "etag": "qgwhjoH3HCxGfdJoh1w9JQ==",
            "external_dataset_reference": [],
            "friendly_name": "FAERS Mart",
            "id": "projects/de-zoomcamp-faers-lake/datasets/faers_mart",
            "is_case_insensitive": false,
            "labels": null,
            "last_modified_time": 1776199633695,
            "location": "US",
            "max_time_travel_hours": "168",
            "project": "de-zoomcamp-faers-lake",
            "resource_tags": null,
            "self_link": "https://bigquery.googleapis.com/bigquery/v2/projects/de-zoomcamp-faers-lake/datasets/faers_mart",
            "storage_billing_model": "",
            "terraform_labels": {},
            "timeouts": null
          },
          "sensitive_attributes": [],
          "identity_schema_version": 0,
          "private": "eyJlMmJmYjczMC1lY2FhLTExZTYtOGY4OC0zNDM2M2JjN2M0YzAiOnsiY3JlYXRlIjoxMjAwMDAwMDAwMDAwLCJkZWxldGUiOjEyMDAwMDAwMDAwMDAsInVwZGF0ZSI6MTIwMDAwMDAwMDAwMH19"
        }
      ]
    },
    {
      "mode": "managed",
      "type": "google_bigquery_dataset",
      "name": "faers_raw",
      "provider": "provider[\"registry.terraform.io/hashicorp/google\"]",
      "instances": [
        {
          "schema_version": 0,
          "attributes": {
            "access": [
              {
                "dataset": [],
                "domain": "",
                "group_by_email": "",
                "iam_member": "",
                "role": "OWNER",
                "routine": [],
                "special_group": "",
                "user_by_email": "roysourav2027.na@gmail.com",
                "view": []
              },
              {
                "dataset": [],
                "domain": "",
                "group_by_email": "",
                "iam_member": "",
                "role": "OWNER",
                "routine": [],
                "special_group": "projectOwners",
                "user_by_email": "",
                "view": []
              },
              {
                "dataset": [],
                "domain": "",
                "group_by_email": "",
                "iam_member": "",
                "role": "READER",
                "routine": [],
                "special_group": "projectReaders",
                "user_by_email": "",
                "view": []
              },
              {
                "dataset": [],
                "domain": "",
                "group_by_email": "",
                "iam_member": "",
                "role": "WRITER",
                "routine": [],
                "special_group": "projectWriters",
                "user_by_email": "",
                "view": []
              }
            ],
            "creation_time": 1776199633792,
            "dataset_id": "faers_raw",
            "default_collation": "",
            "default_encryption_configuration": [],
            "default_partition_expiration_ms": 0,
            "default_table_expiration_ms": 0,
            "delete_contents_on_destroy": false,
            "description": "Raw FAERS flat files loaded directly from GCS — no transformations",
            "effective_labels": {},
            "etag": "1eDROeidOhyBSoWWH8PGQw==",
            "external_dataset_reference": [],
            "friendly_name": "FAERS Raw",
            "id": "projects/de-zoomcamp-faers-lake/datasets/faers_raw",
            "is_case_insensitive": false,
            "labels": null,
            "last_modified_time": 1776199633792,
            "location": "US",
            "max_time_travel_hours": "168",
            "project": "de-zoomcamp-faers-lake",
            "resource_tags": null,
            "self_link": "https://bigquery.googleapis.com/bigquery/v2/projects/de-zoomcamp-faers-lake/datasets/faers_raw",
            "storage_billing_model": "",
            "terraform_labels": {},
            "timeouts": null
          },
          "sensitive_attributes": [],
          "identity_schema_version": 0,
          "private": "eyJlMmJmYjczMC1lY2FhLTExZTYtOGY4OC0zNDM2M2JjN2M0YzAiOnsiY3JlYXRlIjoxMjAwMDAwMDAwMDAwLCJkZWxldGUiOjEyMDAwMDAwMDAwMDAsInVwZGF0ZSI6MTIwMDAwMDAwMDAwMH19"
        }
      ]
    },
    {
      "mode": "managed",
      "type": "google_bigquery_dataset",
      "name": "faers_staging",
      "provider": "provider[\"registry.terraform.io/hashicorp/google\"]",
      "instances": [
        {
          "schema_version": 0,
          "attributes": {
            "access": [
              {
                "dataset": [],
                "domain": "",
                "group_by_email": "",
                "iam_member": "",
                "role": "OWNER",
                "routine": [],
                "special_group": "",
                "user_by_email": "roysourav2027.na@gmail.com",
                "view": []
              },
              {
                "dataset": [],
                "domain": "",
                "group_by_email": "",
                "iam_member": "",
                "role": "OWNER",
                "routine": [],
                "special_group": "projectOwners",
                "user_by_email": "",
                "view": []
              },
              {
                "dataset": [],
                "domain": "",
                "group_by_email": "",
                "iam_member": "",
                "role": "READER",
                "routine": [],
                "special_group": "projectReaders",
                "user_by_email": "",
                "view": []
              },
              {
                "dataset": [],
                "domain": "",
                "group_by_email": "",
                "iam_member": "",
                "role": "WRITER",
                "routine": [],
                "special_group": "projectWriters",
                "user_by_email": "",
                "view": []
              }
            ],
            "creation_time": 1776199633675,
            "dataset_id": "faers_staging",
            "default_collation": "",
            "default_encryption_configuration": [],
            "default_partition_expiration_ms": 0,
            "default_table_expiration_ms": 0,
            "delete_contents_on_destroy": false,
            "description": "dbt staging layer — cleaned, cast, and deduplicated views over faers_raw",
            "effective_labels": {},
            "etag": "jTZreI1ZfZSQzcJ5YRksTg==",
            "external_dataset_reference": [],
            "friendly_name": "FAERS Staging",
            "id": "projects/de-zoomcamp-faers-lake/datasets/faers_staging",
            "is_case_insensitive": false,
            "labels": null,
            "last_modified_time": 1776199633675,
            "location": "US",
            "max_time_travel_hours": "168",
            "project": "de-zoomcamp-faers-lake",
            "resource_tags": null,
            "self_link": "https://bigquery.googleapis.com/bigquery/v2/projects/de-zoomcamp-faers-lake/datasets/faers_staging",
            "storage_billing_model": "",
            "terraform_labels": {},
            "timeouts": null
          },
          "sensitive_attributes": [],
          "identity_schema_version": 0,
          "private": "eyJlMmJmYjczMC1lY2FhLTExZTYtOGY4OC0zNDM2M2JjN2M0YzAiOnsiY3JlYXRlIjoxMjAwMDAwMDAwMDAwLCJkZWxldGUiOjEyMDAwMDAwMDAwMDAsInVwZGF0ZSI6MTIwMDAwMDAwMDAwMH19"
        }
      ]
    },
    {
      "mode": "managed",
      "type": "google_project_iam_member",
      "name": "sa_bq_data_editor",
      "provider": "provider[\"registry.terraform.io/hashicorp/google\"]",
      "instances": [
        {
          "schema_version": 0,
          "attributes": {
            "condition": [],
            "etag": "BwZPcbUo5ME=",
            "id": "de-zoomcamp-faers-lake/roles/bigquery.dataEditor/serviceAccount:faers-pipeline-sa@de-zoomcamp-faers-lake.iam.gserviceaccount.com",
            "member": "serviceAccount:faers-pipeline-sa@de-zoomcamp-faers-lake.iam.gserviceaccount.com",
            "project": "de-zoomcamp-faers-lake",
            "role": "roles/bigquery.dataEditor"
          },
          "sensitive_attributes": [],
          "identity_schema_version": 0,
          "private": "bnVsbA==",
          "dependencies": [
            "google_service_account.faers_pipeline_sa"
          ]
        }
      ]
    },
    {
      "mode": "managed",
      "type": "google_project_iam_member",
      "name": "sa_bq_job_user",
      "provider": "provider[\"registry.terraform.io/hashicorp/google\"]",
      "instances": [
        {
          "schema_version": 0,
          "attributes": {
            "condition": [],
            "etag": "BwZPcbUo5ME=",
            "id": "de-zoomcamp-faers-lake/roles/bigquery.jobUser/serviceAccount:faers-pipeline-sa@de-zoomcamp-faers-lake.iam.gserviceaccount.com",
            "member": "serviceAccount:faers-pipeline-sa@de-zoomcamp-faers-lake.iam.gserviceaccount.com",
            "project": "de-zoomcamp-faers-lake",
            "role": "roles/bigquery.jobUser"
          },
          "sensitive_attributes": [],
          "identity_schema_version": 0,
          "private": "bnVsbA==",
          "dependencies": [
            "google_service_account.faers_pipeline_sa"
          ]
        }
      ]
    },
    {
      "mode": "managed",
      "type": "google_project_iam_member",
      "name": "sa_storage_admin",
      "provider": "provider[\"registry.terraform.io/hashicorp/google\"]",
      "instances": [
        {
          "schema_version": 0,
          "attributes": {
            "condition": [],
            "etag": "BwZPcbUo5ME=",
            "id": "de-zoomcamp-faers-lake/roles/storage.objectAdmin/serviceAccount:faers-pipeline-sa@de-zoomcamp-faers-lake.iam.gserviceaccount.com",
            "member": "serviceAccount:faers-pipeline-sa@de-zoomcamp-faers-lake.iam.gserviceaccount.com",
            "project": "de-zoomcamp-faers-lake",
            "role": "roles/storage.objectAdmin"
          },
          "sensitive_attributes": [],
          "identity_schema_version": 0,
          "private": "bnVsbA==",
          "dependencies": [
            "google_service_account.faers_pipeline_sa"
          ]
        }
      ]
    },
    {
      "mode": "managed",
      "type": "google_service_account",
      "name": "faers_pipeline_sa",
      "provider": "provider[\"registry.terraform.io/hashicorp/google\"]",
      "instances": [
        {
          "schema_version": 0,
          "attributes": {
            "account_id": "faers-pipeline-sa",
            "create_ignore_already_exists": null,
            "description": "Used by Kestra and dbt to access GCS and BigQuery",
            "disabled": false,
            "display_name": "FAERS Pipeline Service Account",
            "email": "faers-pipeline-sa@de-zoomcamp-faers-lake.iam.gserviceaccount.com",
            "id": "projects/de-zoomcamp-faers-lake/serviceAccounts/faers-pipeline-sa@de-zoomcamp-faers-lake.iam.gserviceaccount.com",
            "member": "serviceAccount:faers-pipeline-sa@de-zoomcamp-faers-lake.iam.gserviceaccount.com",
            "name": "projects/de-zoomcamp-faers-lake/serviceAccounts/faers-pipeline-sa@de-zoomcamp-faers-lake.iam.gserviceaccount.com",
            "project": "de-zoomcamp-faers-lake",
            "timeouts": null,
            "unique_id": "117729115909176719794"
          },
          "sensitive_attributes": [],
          "identity_schema_version": 0,
          "private": "eyJlMmJmYjczMC1lY2FhLTExZTYtOGY4OC0zNDM2M2JjN2M0YzAiOnsiY3JlYXRlIjozMDAwMDAwMDAwMDB9fQ=="
        }
      ]
    }
  ],
  "check_results": null
}
